
Microsoft Visual Studio Solution File, Format Version 12.00
# Visual Studio Version 17
VisualStudioVersion = 17.6.33815.320
MinimumVisualStudioVersion = 10.0.40219.1
Project("{FAE04EC0-301F-11D3-BF4B-00C04F79EFBC}") = "PrepCodeChallenges", "PrepCodeChallenges\PrepCodeChallenges.csproj", "{07F66E46-D6B7-4D39-BD62-4FFEF4EA524F}"
EndProject
Global
	GlobalSection(SolutionConfigurationPlatforms) = preSolution
		Debug|Any CPU = Debug|Any CPU
		Release|Any CPU = Release|Any CPU
	EndGlobalSection
	GlobalSection(ProjectConfigurationPlatforms) = postSolution
		{07F66E46-D6B7-4D39-BD62-4FFEF4EA524F}.Debug|Any CPU.ActiveCfg = Debug|Any CPU
		{07F66E46-D6B7-4D39-BD62-4FFEF4EA524F}.Debug|Any CPU.Build.0 = Debug|Any CPU
		{07F66E46-D6B7-4D39-BD62-4FFEF4EA524F}.Release|Any CPU.ActiveCfg = Release|Any CPU
		{07F66E46-D6B7-4D39-BD62-4FFEF4EA524F}.Release|Any CPU.Build.0 = Release|Any CPU
	EndGlobalSection
	GlobalSection(SolutionProperties) = preSolution
		HideSolutionNode = FALSE
	EndGlobalSection
	GlobalSection(ExtensibilityGlobals) = postSolution
		SolutionGuid = {5DB90960-3F72-4086-BEB5-D1743AB2A33B}
	EndGlobalSection
EndGlobal
